schema: '2.0'
stages:
  data_ingestion:
    cmd: python src/data_ingestion.py
    deps:
    - path: src/data_ingestion.py
      hash: md5
      md5: 9dad20fa1fecdc8da10b4468742b90cb
      size: 3177
    params:
      params.yaml:
        data_ingestion.test_size: 0.35
    outs:
    - path: data/raw
      hash: md5
      md5: 999c666eb9aa95e6a6e263ece2ad3e36.dir
      size: 479272
      nfiles: 2
  data_preprocessing:
    cmd: python src/data_preprocessing.py
    deps:
    - path: data/raw
      hash: md5
      md5: 999c666eb9aa95e6a6e263ece2ad3e36.dir
      size: 479272
      nfiles: 2
    - path: src/data_preprocessing.py
      hash: md5
      md5: 037f139299cd41ad039691c842a8a932
      size: 2353
    outs:
    - path: data/interim
      hash: md5
      md5: d9519e676d3458a99aadd94c9d5f6c1d.dir
      size: 693690
      nfiles: 2
  feature_engineering:
    cmd: python src/feature_engineering.py
    deps:
    - path: data/interim
      hash: md5
      md5: d9519e676d3458a99aadd94c9d5f6c1d.dir
      size: 693690
      nfiles: 2
    - path: src/feature_engineering.py
      hash: md5
      md5: 4d943813be57d0f9a00e574b5a6ccbc9
      size: 4326
    params:
      params.yaml:
        feature_engineering.max_features: 90
    outs:
    - path: data/processed
      hash: md5
      md5: fb180cd774010e017ebcba567dd6f599.dir
      size: 2106429
      nfiles: 2
  model_building:
    cmd: python src/model_training.py
    deps:
    - path: data/processed
      hash: md5
      md5: 1446044ca98a90ccbc1f6a9d40efb00c.dir
      size: 1181891
      nfiles: 2
    - path: src/model_training.py
      hash: md5
      md5: 8bee89087bd114c925d7dbd6ed1d1b6e
      size: 2546
    outs:
    - path: models/model.pkl
      hash: md5
      md5: 2258e9913f65f50669a085c76390eb3a
      size: 1051929
  model_evaluation:
    cmd: python src/model_evaluation.py
    deps:
    - path: models/model.pkl
      hash: md5
      md5: 0fa769cd44b1d7975207b006f8b45d61
      size: 2382201
    - path: src/model_evaluation.py
      hash: md5
      md5: 5c2e176c675fad9b6ccce752fc7a04ec
      size: 3749
    outs:
    - path: report/metrics.json
      hash: md5
      md5: facc42ae1307295881ebb4386f7c91e6
      size: 150
  model_training:
    cmd: python src/model_training.py
    deps:
    - path: data/processed
      hash: md5
      md5: fb180cd774010e017ebcba567dd6f599.dir
      size: 2106429
      nfiles: 2
    - path: src/model_training.py
      hash: md5
      md5: 666b418ac72922ce5bca4a524d7c236c
      size: 3098
    params:
      params.yaml:
        model_training.n_estimators: 50
        model_training.random_state: 2
    outs:
    - path: models/model.pkl
      hash: md5
      md5: 0fa769cd44b1d7975207b006f8b45d61
      size: 2382201
